
Microsoft Visual Studio Solution File, Format Version 12.00
# Visual Studio Version 17
VisualStudioVersion = 17.13.35931.197 d17.13
MinimumVisualStudioVersion = 10.0.40219.1
Project("{FAE04EC0-301F-11D3-BF4B-00C04F79EFBC}") = "10_Colecoes", "10_Colecoes.csproj", "{3D6E7C0D-F2E7-447F-90A9-B2C18445B35F}"
EndProject
Global
	GlobalSection(SolutionConfigurationPlatforms) = preSolution
		Debug|Any CPU = Debug|Any CPU
		Release|Any CPU = Release|Any CPU
	EndGlobalSection
	GlobalSection(ProjectConfigurationPlatforms) = postSolution
		{3D6E7C0D-F2E7-447F-90A9-B2C18445B35F}.Debug|Any CPU.ActiveCfg = Debug|Any CPU
		{3D6E7C0D-F2E7-447F-90A9-B2C18445B35F}.Debug|Any CPU.Build.0 = Debug|Any CPU
		{3D6E7C0D-F2E7-447F-90A9-B2C18445B35F}.Release|Any CPU.ActiveCfg = Release|Any CPU
		{3D6E7C0D-F2E7-447F-90A9-B2C18445B35F}.Release|Any CPU.Build.0 = Release|Any CPU
	EndGlobalSection
	GlobalSection(SolutionProperties) = preSolution
		HideSolutionNode = FALSE
	EndGlobalSection
	GlobalSection(ExtensibilityGlobals) = postSolution
		SolutionGuid = {F03EE27F-0505-4AD7-BC37-216A47D99767}
	EndGlobalSection
EndGlobal
