
Microsoft Visual Studio Solution File, Format Version 12.00
# Visual Studio Version 17
VisualStudioVersion = 17.13.35931.197 d17.13
MinimumVisualStudioVersion = 10.0.40219.1
Project("{FAE04EC0-301F-11D3-BF4B-00C04F79EFBC}") = "17_Calendario", "17_Calendario.csproj", "{FE82C5D1-6450-4062-A0EA-8B82BB228CE6}"
EndProject
Global
	GlobalSection(SolutionConfigurationPlatforms) = preSolution
		Debug|Any CPU = Debug|Any CPU
		Release|Any CPU = Release|Any CPU
	EndGlobalSection
	GlobalSection(ProjectConfigurationPlatforms) = postSolution
		{FE82C5D1-6450-4062-A0EA-8B82BB228CE6}.Debug|Any CPU.ActiveCfg = Debug|Any CPU
		{FE82C5D1-6450-4062-A0EA-8B82BB228CE6}.Debug|Any CPU.Build.0 = Debug|Any CPU
		{FE82C5D1-6450-4062-A0EA-8B82BB228CE6}.Release|Any CPU.ActiveCfg = Release|Any CPU
		{FE82C5D1-6450-4062-A0EA-8B82BB228CE6}.Release|Any CPU.Build.0 = Release|Any CPU
	EndGlobalSection
	GlobalSection(SolutionProperties) = preSolution
		HideSolutionNode = FALSE
	EndGlobalSection
	GlobalSection(ExtensibilityGlobals) = postSolution
		SolutionGuid = {894E22ED-683E-4C36-BC2F-4B671C4B651F}
	EndGlobalSection
EndGlobal
