
Microsoft Visual Studio Solution File, Format Version 12.00
# Visual Studio Version 17
VisualStudioVersion = 17.13.35931.197 d17.13
MinimumVisualStudioVersion = 10.0.40219.1
Project("{FAE04EC0-301F-11D3-BF4B-00C04F79EFBC}") = "ConversaoNumeroComExcecao", "ConversaoNumeroComExcecao.csproj", "{54FA3314-AEFB-4644-8B52-0EB9965E801E}"
EndProject
Global
	GlobalSection(SolutionConfigurationPlatforms) = preSolution
		Debug|Any CPU = Debug|Any CPU
		Release|Any CPU = Release|Any CPU
	EndGlobalSection
	GlobalSection(ProjectConfigurationPlatforms) = postSolution
		{54FA3314-AEFB-4644-8B52-0EB9965E801E}.Debug|Any CPU.ActiveCfg = Debug|Any CPU
		{54FA3314-AEFB-4644-8B52-0EB9965E801E}.Debug|Any CPU.Build.0 = Debug|Any CPU
		{54FA3314-AEFB-4644-8B52-0EB9965E801E}.Release|Any CPU.ActiveCfg = Release|Any CPU
		{54FA3314-AEFB-4644-8B52-0EB9965E801E}.Release|Any CPU.Build.0 = Release|Any CPU
	EndGlobalSection
	GlobalSection(SolutionProperties) = preSolution
		HideSolutionNode = FALSE
	EndGlobalSection
	GlobalSection(ExtensibilityGlobals) = postSolution
		SolutionGuid = {957AA641-B241-4D04-9098-26FA80DB9B69}
	EndGlobalSection
EndGlobal
