
Microsoft Visual Studio Solution File, Format Version 12.00
# Visual Studio Version 17
VisualStudioVersion = 17.13.35931.197 d17.13
MinimumVisualStudioVersion = 10.0.40219.1
Project("{FAE04EC0-301F-11D3-BF4B-00C04F79EFBC}") = "15_ColecaoDicionario", "15_ColecaoDicionario.csproj", "{F18B5846-D627-442B-9A46-B57BACB97218}"
EndProject
Global
	GlobalSection(SolutionConfigurationPlatforms) = preSolution
		Debug|Any CPU = Debug|Any CPU
		Release|Any CPU = Release|Any CPU
	EndGlobalSection
	GlobalSection(ProjectConfigurationPlatforms) = postSolution
		{F18B5846-D627-442B-9A46-B57BACB97218}.Debug|Any CPU.ActiveCfg = Debug|Any CPU
		{F18B5846-D627-442B-9A46-B57BACB97218}.Debug|Any CPU.Build.0 = Debug|Any CPU
		{F18B5846-D627-442B-9A46-B57BACB97218}.Release|Any CPU.ActiveCfg = Release|Any CPU
		{F18B5846-D627-442B-9A46-B57BACB97218}.Release|Any CPU.Build.0 = Release|Any CPU
	EndGlobalSection
	GlobalSection(SolutionProperties) = preSolution
		HideSolutionNode = FALSE
	EndGlobalSection
	GlobalSection(ExtensibilityGlobals) = postSolution
		SolutionGuid = {068230C2-1F2B-4CA1-847C-C0025A3DC49B}
	EndGlobalSection
EndGlobal
